{
  "originHash" : "a53d2bd9fbcee948b9b1a8e3406fb0c3f50b9cb7a7cc4aa50ef74afb4fc6bd8c",
  "pins" : [
    {
      "identity" : "llm.swift",
      "kind" : "remoteSourceControl",
      "location" : "https://github.com/eastriverlee/LLM.swift.git",
      "state" : {
        "revision" : "4b2517839f24498bea0695bae8967b359b9a35c4",
        "version" : "1.8.0"
      }
    }
  ],
  "version" : 3
}
